<?xml version="1.0" encoding="utf-8"?>
<Project ToolsVersion="4.0" xmlns="http://schemas.microsoft.com/developer/msbuild/2003">
  <ItemGroup>
    <Filter Include="Source Files">
      <UniqueIdentifier>{b9a13ae8-a3ce-4624-8674-9e0251839dad}</UniqueIdentifier>
      <Extensions>cpp;c;h</Extensions>
    </Filter>
    <Filter Include="Resource Files">
      <UniqueIdentifier>{dda6545a-a421-4b6a-9d96-de7cb1cfda83}</UniqueIdentifier>
      <Extensions>ico;cur;bmp;dlg;rc2;rct;bin;rgs;gif;jpg;jpeg;jpe</Extensions>
    </Filter>
    <Filter Include="Resource Files\Wave Files">
      <UniqueIdentifier>{6c7678a2-0e48-4cd3-aca3-e48ec70fcce7}</UniqueIdentifier>
    </Filter>
    <Filter Include="Resource Files\Icon Files">
      <UniqueIdentifier>{c96e9e0b-cc9e-46bb-a5b2-1b1954c748e4}</UniqueIdentifier>
    </Filter>
    <Filter Include="CDDB">
      <UniqueIdentifier>{d1518d41-7c0b-4b6a-a2be-210b548fc622}</UniqueIdentifier>
    </Filter>
  </ItemGroup>
  <ItemGroup>
    <ClCompile Include="Log.cpp">
      <Filter>Source Files</Filter>
    </ClCompile>
    <ClCompile Include="MPatchNode.cpp">
      <Filter>Source Files</Filter>
    </ClCompile>
    <ClCompile Include="NewApp.cpp">
      <Filter>Source Files</Filter>
    </ClCompile>
    <ClCompile Include="NewAppDlg.cpp">
      <Filter>Source Files</Filter>
    </ClCompile>
    <ClCompile Include="StdAfx.cpp">
      <Filter>Source Files</Filter>
    </ClCompile>
    <ClCompile Include="CDDB.cpp">
      <Filter>CDDB</Filter>
    </ClCompile>
    <ClCompile Include="CDDBAniBmp.cpp">
      <Filter>CDDB</Filter>
    </ClCompile>
    <ClCompile Include="CDDBButton.cpp">
      <Filter>CDDB</Filter>
    </ClCompile>
    <ClCompile Include="CDDBDialog.cpp">
      <Filter>CDDB</Filter>
    </ClCompile>
    <ClCompile Include="CSound.cpp">
      <Filter>CDDB</Filter>
    </ClCompile>
  </ItemGroup>
  <ItemGroup>
    <ClInclude Include="Log.h">
      <Filter>Source Files</Filter>
    </ClInclude>
    <ClInclude Include="MPatchNode.h">
      <Filter>Source Files</Filter>
    </ClInclude>
    <ClInclude Include="NewApp.h">
      <Filter>Source Files</Filter>
    </ClInclude>
    <ClInclude Include="NewAppDlg.h">
      <Filter>Source Files</Filter>
    </ClInclude>
    <ClInclude Include="StdAfx.h">
      <Filter>Source Files</Filter>
    </ClInclude>
    <ClInclude Include="Resource.h">
      <Filter>Resource Files</Filter>
    </ClInclude>
    <ClInclude Include="CDDB.h">
      <Filter>CDDB</Filter>
    </ClInclude>
    <ClInclude Include="CDDBAniBmp.h">
      <Filter>CDDB</Filter>
    </ClInclude>
    <ClInclude Include="CDDBButton.h">
      <Filter>CDDB</Filter>
    </ClInclude>
    <ClInclude Include="CDDBDialog.h">
      <Filter>CDDB</Filter>
    </ClInclude>
    <ClInclude Include="CSound.h">
      <Filter>CDDB</Filter>
    </ClInclude>
  </ItemGroup>
  <ItemGroup>
    <Image Include="res\animation.bmp">
      <Filter>Resource Files</Filter>
    </Image>
    <Image Include="res\button.bmp">
      <Filter>Resource Files</Filter>
    </Image>
    <Image Include="res\button_start.bmp">
      <Filter>Resource Files</Filter>
    </Image>
    <Image Include="res\skin_maindlg.bmp">
      <Filter>Resource Files</Filter>
    </Image>
    <Image Include="res\skin_popupdlg.bmp">
      <Filter>Resource Files</Filter>
    </Image>
    <Image Include="res\icon_mainframe.ico">
      <Filter>Resource Files\Icon Files</Filter>
    </Image>
  </ItemGroup>
  <ItemGroup>
    <ResourceCompile Include="NewApp.rc">
      <Filter>Resource Files</Filter>
    </ResourceCompile>
  </ItemGroup>
  <ItemGroup>
    <Media Include="res\pushbutton.wav">
      <Filter>Resource Files\Wave Files</Filter>
    </Media>
  </ItemGroup>
</Project>